
Microsoft Visual Studio Solution File, Format Version 11.00
# Visual Studio 2010
Project("{FAE04EC0-301F-11D3-BF4B-00C04F79EFBC}") = "DirectORMJava", "DirectORM\DirectORMJava.csproj", "{AE22C121-BF3F-45DC-8A82-5B1275165C1B}"
EndProject
Global
	GlobalSection(SolutionConfigurationPlatforms) = preSolution
		Debug|x86 = Debug|x86
		Release|x86 = Release|x86
	EndGlobalSection
	GlobalSection(ProjectConfigurationPlatforms) = postSolution
		{AE22C121-BF3F-45DC-8A82-5B1275165C1B}.Debug|x86.ActiveCfg = Debug|x86
		{AE22C121-BF3F-45DC-8A82-5B1275165C1B}.Debug|x86.Build.0 = Debug|x86
		{AE22C121-BF3F-45DC-8A82-5B1275165C1B}.Release|x86.ActiveCfg = Release|x86
		{AE22C121-BF3F-45DC-8A82-5B1275165C1B}.Release|x86.Build.0 = Release|x86
	EndGlobalSection
	GlobalSection(SolutionProperties) = preSolution
		HideSolutionNode = FALSE
	EndGlobalSection
EndGlobal
